
Microsoft Visual Studio Solution File, Format Version 12.00
# Visual Studio Version 17
VisualStudioVersion = 17.4.33110.190
MinimumVisualStudioVersion = 10.0.40219.1
Project("{FAE04EC0-301F-11D3-BF4B-00C04F79EFBC}") = "Music Player", "Music Player\Music Player.csproj", "{D99AD7A1-2207-4582-9B2A-937A3C006E76}"
EndProject
Global
	GlobalSection(SolutionConfigurationPlatforms) = preSolution
		Debug|Any CPU = Debug|Any CPU
		Release|Any CPU = Release|Any CPU
	EndGlobalSection
	GlobalSection(ProjectConfigurationPlatforms) = postSolution
		{D99AD7A1-2207-4582-9B2A-937A3C006E76}.Debug|Any CPU.ActiveCfg = Debug|Any CPU
		{D99AD7A1-2207-4582-9B2A-937A3C006E76}.Debug|Any CPU.Build.0 = Debug|Any CPU
		{D99AD7A1-2207-4582-9B2A-937A3C006E76}.Release|Any CPU.ActiveCfg = Release|Any CPU
		{D99AD7A1-2207-4582-9B2A-937A3C006E76}.Release|Any CPU.Build.0 = Release|Any CPU
	EndGlobalSection
	GlobalSection(SolutionProperties) = preSolution
		HideSolutionNode = FALSE
	EndGlobalSection
	GlobalSection(ExtensibilityGlobals) = postSolution
		SolutionGuid = {B0731EF2-B254-4B59-A421-CD3478B29482}
	EndGlobalSection
EndGlobal
